
Microsoft Visual Studio Solution File, Format Version 12.00
# Visual Studio 15
VisualStudioVersion = 15.0.28307.1321
MinimumVisualStudioVersion = 10.0.40219.1
Project("{8BC9CEB8-8B4A-11D0-8D11-00A0C91BC942}") = "SudokuSolver", "SudokuSolver\SudokuSolver.vcxproj", "{63A33CEF-0D83-45CB-A1D4-17FF938E7F01}"
EndProject
Global
	GlobalSection(SolutionConfigurationPlatforms) = preSolution
		Debug|x64 = Debug|x64
		Debug|x86 = Debug|x86
		Release|x64 = Release|x64
		Release|x86 = Release|x86
	EndGlobalSection
	GlobalSection(ProjectConfigurationPlatforms) = postSolution
		{63A33CEF-0D83-45CB-A1D4-17FF938E7F01}.Debug|x64.ActiveCfg = Debug|x64
		{63A33CEF-0D83-45CB-A1D4-17FF938E7F01}.Debug|x64.Build.0 = Debug|x64
		{63A33CEF-0D83-45CB-A1D4-17FF938E7F01}.Debug|x86.ActiveCfg = Debug|Win32
		{63A33CEF-0D83-45CB-A1D4-17FF938E7F01}.Debug|x86.Build.0 = Debug|Win32
		{63A33CEF-0D83-45CB-A1D4-17FF938E7F01}.Release|x64.ActiveCfg = Release|x64
		{63A33CEF-0D83-45CB-A1D4-17FF938E7F01}.Release|x64.Build.0 = Release|x64
		{63A33CEF-0D83-45CB-A1D4-17FF938E7F01}.Release|x86.ActiveCfg = Release|Win32
		{63A33CEF-0D83-45CB-A1D4-17FF938E7F01}.Release|x86.Build.0 = Release|Win32
	EndGlobalSection
	GlobalSection(SolutionProperties) = preSolution
		HideSolutionNode = FALSE
	EndGlobalSection
	GlobalSection(ExtensibilityGlobals) = postSolution
		SolutionGuid = {DACA90E0-5A5D-465C-8019-0302BD244CB5}
	EndGlobalSection
EndGlobal
