
Microsoft Visual Studio Solution File, Format Version 12.00
# Visual Studio 15
VisualStudioVersion = 15.0.27703.2018
MinimumVisualStudioVersion = 10.0.40219.1
Project("{8BC9CEB8-8B4A-11D0-8D11-00A0C91BC942}") = "thisisatest", "thisisatest\thisisatest.vcxproj", "{83B4A015-4D13-49BC-81F5-3366DE77D13C}"
EndProject
Project("{8BC9CEB8-8B4A-11D0-8D11-00A0C91BC942}") = "thisisasecondtest", "thisisasecondtest\thisisasecondtest.vcxproj", "{A7A47845-3640-49BD-BBCA-D45318A79655}"
EndProject
Global
	GlobalSection(SolutionConfigurationPlatforms) = preSolution
		Debug|x64 = Debug|x64
		Debug|x86 = Debug|x86
		Release|x64 = Release|x64
		Release|x86 = Release|x86
	EndGlobalSection
	GlobalSection(ProjectConfigurationPlatforms) = postSolution
		{83B4A015-4D13-49BC-81F5-3366DE77D13C}.Debug|x64.ActiveCfg = Debug|x64
		{83B4A015-4D13-49BC-81F5-3366DE77D13C}.Debug|x64.Build.0 = Debug|x64
		{83B4A015-4D13-49BC-81F5-3366DE77D13C}.Debug|x86.ActiveCfg = Debug|Win32
		{83B4A015-4D13-49BC-81F5-3366DE77D13C}.Debug|x86.Build.0 = Debug|Win32
		{83B4A015-4D13-49BC-81F5-3366DE77D13C}.Release|x64.ActiveCfg = Release|x64
		{83B4A015-4D13-49BC-81F5-3366DE77D13C}.Release|x64.Build.0 = Release|x64
		{83B4A015-4D13-49BC-81F5-3366DE77D13C}.Release|x86.ActiveCfg = Release|Win32
		{83B4A015-4D13-49BC-81F5-3366DE77D13C}.Release|x86.Build.0 = Release|Win32
		{A7A47845-3640-49BD-BBCA-D45318A79655}.Debug|x64.ActiveCfg = Debug|x64
		{A7A47845-3640-49BD-BBCA-D45318A79655}.Debug|x64.Build.0 = Debug|x64
		{A7A47845-3640-49BD-BBCA-D45318A79655}.Debug|x86.ActiveCfg = Debug|Win32
		{A7A47845-3640-49BD-BBCA-D45318A79655}.Debug|x86.Build.0 = Debug|Win32
		{A7A47845-3640-49BD-BBCA-D45318A79655}.Release|x64.ActiveCfg = Release|x64
		{A7A47845-3640-49BD-BBCA-D45318A79655}.Release|x64.Build.0 = Release|x64
		{A7A47845-3640-49BD-BBCA-D45318A79655}.Release|x86.ActiveCfg = Release|Win32
		{A7A47845-3640-49BD-BBCA-D45318A79655}.Release|x86.Build.0 = Release|Win32
	EndGlobalSection
	GlobalSection(SolutionProperties) = preSolution
		HideSolutionNode = FALSE
	EndGlobalSection
	GlobalSection(ExtensibilityGlobals) = postSolution
		SolutionGuid = {5B5CC4F2-C0D3-4905-BC99-2DCAB09969D4}
	EndGlobalSection
EndGlobal
