
Microsoft Visual Studio Solution File, Format Version 12.00
# Visual Studio 15
VisualStudioVersion = 15.0.28307.1321
MinimumVisualStudioVersion = 10.0.40219.1
Project("{8BC9CEB8-8B4A-11D0-8D11-00A0C91BC942}") = "PA7", "PA7\PA7.vcxproj", "{5EB60BB9-F9FE-4F9B-834E-4F7B2BDC1264}"
EndProject
Global
	GlobalSection(SolutionConfigurationPlatforms) = preSolution
		Debug|x64 = Debug|x64
		Debug|x86 = Debug|x86
		Release|x64 = Release|x64
		Release|x86 = Release|x86
	EndGlobalSection
	GlobalSection(ProjectConfigurationPlatforms) = postSolution
		{5EB60BB9-F9FE-4F9B-834E-4F7B2BDC1264}.Debug|x64.ActiveCfg = Debug|x64
		{5EB60BB9-F9FE-4F9B-834E-4F7B2BDC1264}.Debug|x64.Build.0 = Debug|x64
		{5EB60BB9-F9FE-4F9B-834E-4F7B2BDC1264}.Debug|x86.ActiveCfg = Debug|Win32
		{5EB60BB9-F9FE-4F9B-834E-4F7B2BDC1264}.Debug|x86.Build.0 = Debug|Win32
		{5EB60BB9-F9FE-4F9B-834E-4F7B2BDC1264}.Release|x64.ActiveCfg = Release|x64
		{5EB60BB9-F9FE-4F9B-834E-4F7B2BDC1264}.Release|x64.Build.0 = Release|x64
		{5EB60BB9-F9FE-4F9B-834E-4F7B2BDC1264}.Release|x86.ActiveCfg = Release|Win32
		{5EB60BB9-F9FE-4F9B-834E-4F7B2BDC1264}.Release|x86.Build.0 = Release|Win32
	EndGlobalSection
	GlobalSection(SolutionProperties) = preSolution
		HideSolutionNode = FALSE
	EndGlobalSection
	GlobalSection(ExtensibilityGlobals) = postSolution
		SolutionGuid = {4E9E15D4-B423-477F-A89C-3493AF9B5FB4}
	EndGlobalSection
EndGlobal
