
Microsoft Visual Studio Solution File, Format Version 12.00
# Visual Studio 15
VisualStudioVersion = 15.0.28307.1321
MinimumVisualStudioVersion = 10.0.40219.1
Project("{8BC9CEB8-8B4A-11D0-8D11-00A0C91BC942}") = "parenProject", "parenProject\parenProject.vcxproj", "{1B086705-72AF-4DC0-A807-DA1AA5B482DC}"
EndProject
Global
	GlobalSection(SolutionConfigurationPlatforms) = preSolution
		Debug|x64 = Debug|x64
		Debug|x86 = Debug|x86
		Release|x64 = Release|x64
		Release|x86 = Release|x86
	EndGlobalSection
	GlobalSection(ProjectConfigurationPlatforms) = postSolution
		{1B086705-72AF-4DC0-A807-DA1AA5B482DC}.Debug|x64.ActiveCfg = Debug|x64
		{1B086705-72AF-4DC0-A807-DA1AA5B482DC}.Debug|x64.Build.0 = Debug|x64
		{1B086705-72AF-4DC0-A807-DA1AA5B482DC}.Debug|x86.ActiveCfg = Debug|Win32
		{1B086705-72AF-4DC0-A807-DA1AA5B482DC}.Debug|x86.Build.0 = Debug|Win32
		{1B086705-72AF-4DC0-A807-DA1AA5B482DC}.Release|x64.ActiveCfg = Release|x64
		{1B086705-72AF-4DC0-A807-DA1AA5B482DC}.Release|x64.Build.0 = Release|x64
		{1B086705-72AF-4DC0-A807-DA1AA5B482DC}.Release|x86.ActiveCfg = Release|Win32
		{1B086705-72AF-4DC0-A807-DA1AA5B482DC}.Release|x86.Build.0 = Release|Win32
	EndGlobalSection
	GlobalSection(SolutionProperties) = preSolution
		HideSolutionNode = FALSE
	EndGlobalSection
	GlobalSection(ExtensibilityGlobals) = postSolution
		SolutionGuid = {F5DDB241-A449-4FD0-B8BA-0FB2AB9137B0}
	EndGlobalSection
EndGlobal
