
Microsoft Visual Studio Solution File, Format Version 12.00
# Visual Studio 15
VisualStudioVersion = 15.0.28307.1321
MinimumVisualStudioVersion = 10.0.40219.1
Project("{888888A0-9F3D-457C-B088-3A5042F75D52}") = "Python Exercises", "Python Exercises\Python Exercises.pyproj", "{F7E8DDE6-91AB-460F-B325-67108D4D6E1F}"
EndProject
Global
	GlobalSection(SolutionConfigurationPlatforms) = preSolution
		Debug|Any CPU = Debug|Any CPU
		Release|Any CPU = Release|Any CPU
	EndGlobalSection
	GlobalSection(ProjectConfigurationPlatforms) = postSolution
		{F7E8DDE6-91AB-460F-B325-67108D4D6E1F}.Debug|Any CPU.ActiveCfg = Debug|Any CPU
		{F7E8DDE6-91AB-460F-B325-67108D4D6E1F}.Release|Any CPU.ActiveCfg = Release|Any CPU
	EndGlobalSection
	GlobalSection(SolutionProperties) = preSolution
		HideSolutionNode = FALSE
	EndGlobalSection
	GlobalSection(ExtensibilityGlobals) = postSolution
		SolutionGuid = {9E618DB5-75EF-42D4-9AD4-9D0480F3994C}
	EndGlobalSection
EndGlobal
