
Microsoft Visual Studio Solution File, Format Version 12.00
# Visual Studio 15
VisualStudioVersion = 15.0.28307.1321
MinimumVisualStudioVersion = 10.0.40219.1
Project("{8BC9CEB8-8B4A-11D0-8D11-00A0C91BC942}") = "Lab4", "Lab4\Lab4.vcxproj", "{F79B4E9B-C9EB-4C88-8650-AB2B59B07F5D}"
EndProject
Global
	GlobalSection(SolutionConfigurationPlatforms) = preSolution
		Debug|x64 = Debug|x64
		Debug|x86 = Debug|x86
		Release|x64 = Release|x64
		Release|x86 = Release|x86
	EndGlobalSection
	GlobalSection(ProjectConfigurationPlatforms) = postSolution
		{F79B4E9B-C9EB-4C88-8650-AB2B59B07F5D}.Debug|x64.ActiveCfg = Debug|x64
		{F79B4E9B-C9EB-4C88-8650-AB2B59B07F5D}.Debug|x64.Build.0 = Debug|x64
		{F79B4E9B-C9EB-4C88-8650-AB2B59B07F5D}.Debug|x86.ActiveCfg = Debug|Win32
		{F79B4E9B-C9EB-4C88-8650-AB2B59B07F5D}.Debug|x86.Build.0 = Debug|Win32
		{F79B4E9B-C9EB-4C88-8650-AB2B59B07F5D}.Release|x64.ActiveCfg = Release|x64
		{F79B4E9B-C9EB-4C88-8650-AB2B59B07F5D}.Release|x64.Build.0 = Release|x64
		{F79B4E9B-C9EB-4C88-8650-AB2B59B07F5D}.Release|x86.ActiveCfg = Release|Win32
		{F79B4E9B-C9EB-4C88-8650-AB2B59B07F5D}.Release|x86.Build.0 = Release|Win32
	EndGlobalSection
	GlobalSection(SolutionProperties) = preSolution
		HideSolutionNode = FALSE
	EndGlobalSection
	GlobalSection(ExtensibilityGlobals) = postSolution
		SolutionGuid = {7E13510A-8B6B-45B4-A53D-8CD52C864CCE}
	EndGlobalSection
EndGlobal
