
Microsoft Visual Studio Solution File, Format Version 12.00
# Visual Studio 15
VisualStudioVersion = 15.0.27703.2018
MinimumVisualStudioVersion = 10.0.40219.1
Project("{8BC9CEB8-8B4A-11D0-8D11-00A0C91BC942}") = "Lab5a", "Lab5a\Lab5a.vcxproj", "{CD484D5D-03E2-44C6-A750-9A0CC772CE91}"
EndProject
Global
	GlobalSection(SolutionConfigurationPlatforms) = preSolution
		Debug|x64 = Debug|x64
		Debug|x86 = Debug|x86
		Release|x64 = Release|x64
		Release|x86 = Release|x86
	EndGlobalSection
	GlobalSection(ProjectConfigurationPlatforms) = postSolution
		{CD484D5D-03E2-44C6-A750-9A0CC772CE91}.Debug|x64.ActiveCfg = Debug|x64
		{CD484D5D-03E2-44C6-A750-9A0CC772CE91}.Debug|x64.Build.0 = Debug|x64
		{CD484D5D-03E2-44C6-A750-9A0CC772CE91}.Debug|x86.ActiveCfg = Debug|Win32
		{CD484D5D-03E2-44C6-A750-9A0CC772CE91}.Debug|x86.Build.0 = Debug|Win32
		{CD484D5D-03E2-44C6-A750-9A0CC772CE91}.Release|x64.ActiveCfg = Release|x64
		{CD484D5D-03E2-44C6-A750-9A0CC772CE91}.Release|x64.Build.0 = Release|x64
		{CD484D5D-03E2-44C6-A750-9A0CC772CE91}.Release|x86.ActiveCfg = Release|Win32
		{CD484D5D-03E2-44C6-A750-9A0CC772CE91}.Release|x86.Build.0 = Release|Win32
	EndGlobalSection
	GlobalSection(SolutionProperties) = preSolution
		HideSolutionNode = FALSE
	EndGlobalSection
	GlobalSection(ExtensibilityGlobals) = postSolution
		SolutionGuid = {C9328D8D-B955-44A0-863C-0622A830CD03}
	EndGlobalSection
EndGlobal
