
Microsoft Visual Studio Solution File, Format Version 12.00
# Visual Studio 15
VisualStudioVersion = 15.0.27703.2035
MinimumVisualStudioVersion = 10.0.40219.1
Project("{8BC9CEB8-8B4A-11D0-8D11-00A0C91BC942}") = "Lab7a", "Lab7a\Lab7a.vcxproj", "{075CDB1E-1A99-4646-B63D-67633D60DCAE}"
EndProject
Global
	GlobalSection(SolutionConfigurationPlatforms) = preSolution
		Debug|x64 = Debug|x64
		Debug|x86 = Debug|x86
		Release|x64 = Release|x64
		Release|x86 = Release|x86
	EndGlobalSection
	GlobalSection(ProjectConfigurationPlatforms) = postSolution
		{075CDB1E-1A99-4646-B63D-67633D60DCAE}.Debug|x64.ActiveCfg = Debug|x64
		{075CDB1E-1A99-4646-B63D-67633D60DCAE}.Debug|x64.Build.0 = Debug|x64
		{075CDB1E-1A99-4646-B63D-67633D60DCAE}.Debug|x86.ActiveCfg = Debug|Win32
		{075CDB1E-1A99-4646-B63D-67633D60DCAE}.Debug|x86.Build.0 = Debug|Win32
		{075CDB1E-1A99-4646-B63D-67633D60DCAE}.Release|x64.ActiveCfg = Release|x64
		{075CDB1E-1A99-4646-B63D-67633D60DCAE}.Release|x64.Build.0 = Release|x64
		{075CDB1E-1A99-4646-B63D-67633D60DCAE}.Release|x86.ActiveCfg = Release|Win32
		{075CDB1E-1A99-4646-B63D-67633D60DCAE}.Release|x86.Build.0 = Release|Win32
	EndGlobalSection
	GlobalSection(SolutionProperties) = preSolution
		HideSolutionNode = FALSE
	EndGlobalSection
	GlobalSection(ExtensibilityGlobals) = postSolution
		SolutionGuid = {DB7A244A-07EE-40A0-A7ED-11D812550E92}
	EndGlobalSection
EndGlobal
